
Microsoft Visual Studio Solution File, Format Version 12.00
# Visual Studio Version 16
VisualStudioVersion = 16.0.28922.388
MinimumVisualStudioVersion = 10.0.40219.1
Project("{FAE04EC0-301F-11D3-BF4B-00C04F79EFBC}") = "Composition", "Composition\Composition.csproj", "{C5A1C14F-8847-4D88-8CC5-D72EB97EA314}"
EndProject
Global
	GlobalSection(SolutionConfigurationPlatforms) = preSolution
		Debug|Any CPU = Debug|Any CPU
		Release|Any CPU = Release|Any CPU
	EndGlobalSection
	GlobalSection(ProjectConfigurationPlatforms) = postSolution
		{C5A1C14F-8847-4D88-8CC5-D72EB97EA314}.Debug|Any CPU.ActiveCfg = Debug|Any CPU
		{C5A1C14F-8847-4D88-8CC5-D72EB97EA314}.Debug|Any CPU.Build.0 = Debug|Any CPU
		{C5A1C14F-8847-4D88-8CC5-D72EB97EA314}.Release|Any CPU.ActiveCfg = Release|Any CPU
		{C5A1C14F-8847-4D88-8CC5-D72EB97EA314}.Release|Any CPU.Build.0 = Release|Any CPU
	EndGlobalSection
	GlobalSection(SolutionProperties) = preSolution
		HideSolutionNode = FALSE
	EndGlobalSection
	GlobalSection(ExtensibilityGlobals) = postSolution
		SolutionGuid = {D42FC10C-45C9-4339-BA41-A833196CA374}
	EndGlobalSection
EndGlobal
